
Microsoft Visual Studio Solution File, Format Version 12.00
# Visual Studio Version 17
VisualStudioVersion = 17.10.35122.118
MinimumVisualStudioVersion = 10.0.40219.1
Project("{FAE04EC0-301F-11D3-BF4B-00C04F79EFBC}") = "To-Do List", "To-Do List.csproj", "{31D16108-4FB8-4E37-90F5-1C99D0B3F296}"
EndProject
Global
	GlobalSection(SolutionConfigurationPlatforms) = preSolution
		Debug|Any CPU = Debug|Any CPU
		Release|Any CPU = Release|Any CPU
	EndGlobalSection
	GlobalSection(ProjectConfigurationPlatforms) = postSolution
		{31D16108-4FB8-4E37-90F5-1C99D0B3F296}.Debug|Any CPU.ActiveCfg = Debug|Any CPU
		{31D16108-4FB8-4E37-90F5-1C99D0B3F296}.Debug|Any CPU.Build.0 = Debug|Any CPU
		{31D16108-4FB8-4E37-90F5-1C99D0B3F296}.Release|Any CPU.ActiveCfg = Release|Any CPU
		{31D16108-4FB8-4E37-90F5-1C99D0B3F296}.Release|Any CPU.Build.0 = Release|Any CPU
	EndGlobalSection
	GlobalSection(SolutionProperties) = preSolution
		HideSolutionNode = FALSE
	EndGlobalSection
	GlobalSection(ExtensibilityGlobals) = postSolution
		SolutionGuid = {0DC0D122-5482-489C-BD6B-9479E79C2462}
	EndGlobalSection
EndGlobal
